
Microsoft Visual Studio Solution File, Format Version 12.00
# Visual Studio Version 17
VisualStudioVersion = 17.0.32112.339
MinimumVisualStudioVersion = 10.0.40219.1
Project("{FAE04EC0-301F-11D3-BF4B-00C04F79EFBC}") = "QATest.Setup", "QATest.Setup.csproj", "{682B2F8E-8B0F-4469-AF6A-FD96D7275F70}"
EndProject
Global
	GlobalSection(SolutionConfigurationPlatforms) = preSolution
		Debug|Any CPU = Debug|Any CPU
		Release|Any CPU = Release|Any CPU
	EndGlobalSection
	GlobalSection(ProjectConfigurationPlatforms) = postSolution
		{682B2F8E-8B0F-4469-AF6A-FD96D7275F70}.Debug|Any CPU.ActiveCfg = Debug|Any CPU
		{682B2F8E-8B0F-4469-AF6A-FD96D7275F70}.Debug|Any CPU.Build.0 = Debug|Any CPU
		{682B2F8E-8B0F-4469-AF6A-FD96D7275F70}.Release|Any CPU.ActiveCfg = Release|Any CPU
		{682B2F8E-8B0F-4469-AF6A-FD96D7275F70}.Release|Any CPU.Build.0 = Release|Any CPU
	EndGlobalSection
	GlobalSection(SolutionProperties) = preSolution
		HideSolutionNode = FALSE
	EndGlobalSection
	GlobalSection(ExtensibilityGlobals) = postSolution
		SolutionGuid = {7F6A1281-006B-4727-9D54-FB092728D7DC}
	EndGlobalSection
EndGlobal
